
Microsoft Visual Studio Solution File, Format Version 12.00
# Visual Studio Version 16
VisualStudioVersion = 16.0.30621.155
MinimumVisualStudioVersion = 10.0.40219.1
Project("{FAE04EC0-301F-11D3-BF4B-00C04F79EFBC}") = "SampleS", "SampleS\Sample\SampleS.csproj", "{657770B4-07BD-4638-B5EA-E7878683C028}"
EndProject
Project("{FAE04EC0-301F-11D3-BF4B-00C04F79EFBC}") = "EngionS", "EngionS\EngionS\EngionS.csproj", "{82C43160-340A-4D32-A234-3F09BFEF9FBC}"
EndProject
Project("{FAE04EC0-301F-11D3-BF4B-00C04F79EFBC}") = "FuncEvent", "FuncEvent\FuncEvent\FuncEvent.csproj", "{AE3A02D4-912C-477E-9B1D-F890F13A0FCA}"
EndProject
Global
	GlobalSection(SolutionConfigurationPlatforms) = preSolution
		Debug|Any CPU = Debug|Any CPU
		Release|Any CPU = Release|Any CPU
	EndGlobalSection
	GlobalSection(ProjectConfigurationPlatforms) = postSolution
		{657770B4-07BD-4638-B5EA-E7878683C028}.Debug|Any CPU.ActiveCfg = Debug|Any CPU
		{657770B4-07BD-4638-B5EA-E7878683C028}.Debug|Any CPU.Build.0 = Debug|Any CPU
		{657770B4-07BD-4638-B5EA-E7878683C028}.Release|Any CPU.ActiveCfg = Release|Any CPU
		{657770B4-07BD-4638-B5EA-E7878683C028}.Release|Any CPU.Build.0 = Release|Any CPU
		{82C43160-340A-4D32-A234-3F09BFEF9FBC}.Debug|Any CPU.ActiveCfg = Debug|Any CPU
		{82C43160-340A-4D32-A234-3F09BFEF9FBC}.Debug|Any CPU.Build.0 = Debug|Any CPU
		{82C43160-340A-4D32-A234-3F09BFEF9FBC}.Release|Any CPU.ActiveCfg = Release|Any CPU
		{82C43160-340A-4D32-A234-3F09BFEF9FBC}.Release|Any CPU.Build.0 = Release|Any CPU
		{AE3A02D4-912C-477E-9B1D-F890F13A0FCA}.Debug|Any CPU.ActiveCfg = Debug|Any CPU
		{AE3A02D4-912C-477E-9B1D-F890F13A0FCA}.Debug|Any CPU.Build.0 = Debug|Any CPU
		{AE3A02D4-912C-477E-9B1D-F890F13A0FCA}.Release|Any CPU.ActiveCfg = Release|Any CPU
		{AE3A02D4-912C-477E-9B1D-F890F13A0FCA}.Release|Any CPU.Build.0 = Release|Any CPU
	EndGlobalSection
	GlobalSection(SolutionProperties) = preSolution
		HideSolutionNode = FALSE
	EndGlobalSection
	GlobalSection(ExtensibilityGlobals) = postSolution
		SolutionGuid = {304E3860-D160-4B2B-AB69-80F629D22382}
	EndGlobalSection
EndGlobal
