
Microsoft Visual Studio Solution File, Format Version 12.00
# Visual Studio 15
VisualStudioVersion = 15.0.28307.1300
MinimumVisualStudioVersion = 10.0.40219.1
Project("{FAE04EC0-301F-11D3-BF4B-00C04F79EFBC}") = "FuncEvent", "FuncEvent\FuncEvent.csproj", "{AE3A02D4-912C-477E-9B1D-F890F13A0FCA}"
EndProject
Global
	GlobalSection(SolutionConfigurationPlatforms) = preSolution
		Debug|Any CPU = Debug|Any CPU
		Release|Any CPU = Release|Any CPU
	EndGlobalSection
	GlobalSection(ProjectConfigurationPlatforms) = postSolution
		{AE3A02D4-912C-477E-9B1D-F890F13A0FCA}.Debug|Any CPU.ActiveCfg = Debug|Any CPU
		{AE3A02D4-912C-477E-9B1D-F890F13A0FCA}.Debug|Any CPU.Build.0 = Debug|Any CPU
		{AE3A02D4-912C-477E-9B1D-F890F13A0FCA}.Release|Any CPU.ActiveCfg = Release|Any CPU
		{AE3A02D4-912C-477E-9B1D-F890F13A0FCA}.Release|Any CPU.Build.0 = Release|Any CPU
	EndGlobalSection
	GlobalSection(SolutionProperties) = preSolution
		HideSolutionNode = FALSE
	EndGlobalSection
	GlobalSection(ExtensibilityGlobals) = postSolution
		SolutionGuid = {B79D350B-8146-4281-BCFC-2606B9FFAF22}
	EndGlobalSection
EndGlobal
